
Microsoft Visual Studio Solution File, Format Version 12.00
# Visual Studio Version 16
VisualStudioVersion = 16.0.31624.102
MinimumVisualStudioVersion = 10.0.40219.1
Project("{FAE04EC0-301F-11D3-BF4B-00C04F79EFBC}") = "SteamGameRandomizerNet", "SteamGameRandomizerNet\SteamGameRandomizerNet.csproj", "{F3D41C33-C1F2-4440-A23A-3CDE40C22DB3}"
EndProject
Global
	GlobalSection(SolutionConfigurationPlatforms) = preSolution
		Debug|Any CPU = Debug|Any CPU
		Release|Any CPU = Release|Any CPU
	EndGlobalSection
	GlobalSection(ProjectConfigurationPlatforms) = postSolution
		{F3D41C33-C1F2-4440-A23A-3CDE40C22DB3}.Debug|Any CPU.ActiveCfg = Debug|Any CPU
		{F3D41C33-C1F2-4440-A23A-3CDE40C22DB3}.Debug|Any CPU.Build.0 = Debug|Any CPU
		{F3D41C33-C1F2-4440-A23A-3CDE40C22DB3}.Release|Any CPU.ActiveCfg = Release|Any CPU
		{F3D41C33-C1F2-4440-A23A-3CDE40C22DB3}.Release|Any CPU.Build.0 = Release|Any CPU
	EndGlobalSection
	GlobalSection(SolutionProperties) = preSolution
		HideSolutionNode = FALSE
	EndGlobalSection
	GlobalSection(ExtensibilityGlobals) = postSolution
		SolutionGuid = {EC3F1099-CE6C-484B-B512-93E185337D98}
	EndGlobalSection
EndGlobal
